
Microsoft Visual Studio Solution File, Format Version 12.00
# Visual Studio Version 17
VisualStudioVersion = 17.8.34511.84
MinimumVisualStudioVersion = 10.0.40219.1
Project("{FAE04EC0-301F-11D3-BF4B-00C04F79EFBC}") = "WPF_CriptazioneQuadrato", "WPF_CriptazioneQuadrato.csproj", "{D46BC13B-06CF-4FEC-B8F9-4EA6F1058F45}"
EndProject
Global
	GlobalSection(SolutionConfigurationPlatforms) = preSolution
		Debug|Any CPU = Debug|Any CPU
		Release|Any CPU = Release|Any CPU
	EndGlobalSection
	GlobalSection(ProjectConfigurationPlatforms) = postSolution
		{D46BC13B-06CF-4FEC-B8F9-4EA6F1058F45}.Debug|Any CPU.ActiveCfg = Debug|Any CPU
		{D46BC13B-06CF-4FEC-B8F9-4EA6F1058F45}.Debug|Any CPU.Build.0 = Debug|Any CPU
		{D46BC13B-06CF-4FEC-B8F9-4EA6F1058F45}.Release|Any CPU.ActiveCfg = Release|Any CPU
		{D46BC13B-06CF-4FEC-B8F9-4EA6F1058F45}.Release|Any CPU.Build.0 = Release|Any CPU
	EndGlobalSection
	GlobalSection(SolutionProperties) = preSolution
		HideSolutionNode = FALSE
	EndGlobalSection
	GlobalSection(ExtensibilityGlobals) = postSolution
		SolutionGuid = {00238306-48FF-4199-9486-F80E9A757905}
	EndGlobalSection
EndGlobal
